
Microsoft Visual Studio Solution File, Format Version 12.00
# Visual Studio Version 17
VisualStudioVersion = 17.8.34330.188
MinimumVisualStudioVersion = 10.0.40219.1
Project("{9A19103F-16F7-4668-BE54-9A1E7A4F7556}") = "AdventOfCodeWeb", "Web\AdventOfCodeWeb.csproj", "{E69601D8-E741-4471-B8A6-6EF2ADC2E5F0}"
EndProject
Project("{FAE04EC0-301F-11D3-BF4B-00C04F79EFBC}") = "Solutions", "Solutions\Solutions.csproj", "{FC85E6AF-518E-466B-8431-3C6B0DE2A1D2}"
EndProject
Project("{FAE04EC0-301F-11D3-BF4B-00C04F79EFBC}") = "Console", "Console\Console.csproj", "{07AB06D0-D605-4679-A1A6-5DFD0693BE22}"
EndProject
Project("{2150E333-8FDC-42A3-9474-1A3956D46DE8}") = "Solution Items", "Solution Items", "{8EC462FD-D22E-90A8-E5CE-7E832BA40C5D}"
	ProjectSection(SolutionItems) = preProject
		.gitignore = .gitignore
	EndProjectSection
EndProject
Global
	GlobalSection(SolutionConfigurationPlatforms) = preSolution
		Debug|Any CPU = Debug|Any CPU
		Release|Any CPU = Release|Any CPU
	EndGlobalSection
	GlobalSection(ProjectConfigurationPlatforms) = postSolution
		{E69601D8-E741-4471-B8A6-6EF2ADC2E5F0}.Debug|Any CPU.ActiveCfg = Debug|Any CPU
		{E69601D8-E741-4471-B8A6-6EF2ADC2E5F0}.Debug|Any CPU.Build.0 = Debug|Any CPU
		{E69601D8-E741-4471-B8A6-6EF2ADC2E5F0}.Release|Any CPU.ActiveCfg = Release|Any CPU
		{E69601D8-E741-4471-B8A6-6EF2ADC2E5F0}.Release|Any CPU.Build.0 = Release|Any CPU
		{FC85E6AF-518E-466B-8431-3C6B0DE2A1D2}.Debug|Any CPU.ActiveCfg = Debug|Any CPU
		{FC85E6AF-518E-466B-8431-3C6B0DE2A1D2}.Debug|Any CPU.Build.0 = Debug|Any CPU
		{FC85E6AF-518E-466B-8431-3C6B0DE2A1D2}.Release|Any CPU.ActiveCfg = Release|Any CPU
		{FC85E6AF-518E-466B-8431-3C6B0DE2A1D2}.Release|Any CPU.Build.0 = Release|Any CPU
		{07AB06D0-D605-4679-A1A6-5DFD0693BE22}.Debug|Any CPU.ActiveCfg = Debug|Any CPU
		{07AB06D0-D605-4679-A1A6-5DFD0693BE22}.Debug|Any CPU.Build.0 = Debug|Any CPU
		{07AB06D0-D605-4679-A1A6-5DFD0693BE22}.Release|Any CPU.ActiveCfg = Release|Any CPU
		{07AB06D0-D605-4679-A1A6-5DFD0693BE22}.Release|Any CPU.Build.0 = Release|Any CPU
	EndGlobalSection
	GlobalSection(SolutionProperties) = preSolution
		HideSolutionNode = FALSE
	EndGlobalSection
	GlobalSection(ExtensibilityGlobals) = postSolution
		SolutionGuid = {A7CBD124-14A4-4D2D-B34D-F1F3B7569019}
	EndGlobalSection
EndGlobal
